
Microsoft Visual Studio Solution File, Format Version 12.00
# Visual Studio Version 16
VisualStudioVersion = 16.0.30204.135
MinimumVisualStudioVersion = 10.0.40219.1
Project("{9A19103F-16F7-4668-BE54-9A1E7A4F7556}") = "SereneApi.Interfaces.PayPal", "src\SereneApi.Interfaces.PayPal\SereneApi.Interfaces.PayPal.csproj", "{B5185164-C894-4C8F-A884-CE57CC34F0B9}"
EndProject
Global
	GlobalSection(SolutionConfigurationPlatforms) = preSolution
		Debug|Any CPU = Debug|Any CPU
		Release|Any CPU = Release|Any CPU
	EndGlobalSection
	GlobalSection(ProjectConfigurationPlatforms) = postSolution
		{B5185164-C894-4C8F-A884-CE57CC34F0B9}.Debug|Any CPU.ActiveCfg = Debug|Any CPU
		{B5185164-C894-4C8F-A884-CE57CC34F0B9}.Debug|Any CPU.Build.0 = Debug|Any CPU
		{B5185164-C894-4C8F-A884-CE57CC34F0B9}.Release|Any CPU.ActiveCfg = Release|Any CPU
		{B5185164-C894-4C8F-A884-CE57CC34F0B9}.Release|Any CPU.Build.0 = Release|Any CPU
	EndGlobalSection
	GlobalSection(SolutionProperties) = preSolution
		HideSolutionNode = FALSE
	EndGlobalSection
	GlobalSection(ExtensibilityGlobals) = postSolution
		SolutionGuid = {719B1DDB-AFB5-4D26-B9B0-4A8BF4A12985}
	EndGlobalSection
EndGlobal
